
Microsoft Visual Studio Solution File, Format Version 12.00
# Visual Studio Version 16
VisualStudioVersion = 16.0.29911.84
MinimumVisualStudioVersion = 10.0.40219.1
Project("{9A19103F-16F7-4668-BE54-9A1E7A4F7556}") = "TheNextCar", "TheNextCar\TheNextCar.csproj", "{FE1285A4-F366-47EB-9527-A26F6750624D}"
EndProject
Global
	GlobalSection(SolutionConfigurationPlatforms) = preSolution
		Debug|Any CPU = Debug|Any CPU
		Release|Any CPU = Release|Any CPU
	EndGlobalSection
	GlobalSection(ProjectConfigurationPlatforms) = postSolution
		{FE1285A4-F366-47EB-9527-A26F6750624D}.Debug|Any CPU.ActiveCfg = Debug|Any CPU
		{FE1285A4-F366-47EB-9527-A26F6750624D}.Debug|Any CPU.Build.0 = Debug|Any CPU
		{FE1285A4-F366-47EB-9527-A26F6750624D}.Release|Any CPU.ActiveCfg = Release|Any CPU
		{FE1285A4-F366-47EB-9527-A26F6750624D}.Release|Any CPU.Build.0 = Release|Any CPU
	EndGlobalSection
	GlobalSection(SolutionProperties) = preSolution
		HideSolutionNode = FALSE
	EndGlobalSection
	GlobalSection(ExtensibilityGlobals) = postSolution
		SolutionGuid = {8BAB049D-9464-4AAD-8FBF-9B7C419F5BD9}
	EndGlobalSection
EndGlobal
